
Microsoft Visual Studio Solution File, Format Version 12.00
# Visual Studio 15
VisualStudioVersion = 15.0.33026.149
MinimumVisualStudioVersion = 10.0.40219.1
Project("{FAE04EC0-301F-11D3-BF4B-00C04F79EFBC}") = "aciCevirmeElifDemir", "aciCevirmeElifDemir\aciCevirmeElifDemir.csproj", "{D27B1B34-50F4-4129-8D3B-BE6465C50986}"
EndProject
Global
	GlobalSection(SolutionConfigurationPlatforms) = preSolution
		Debug|Any CPU = Debug|Any CPU
		Release|Any CPU = Release|Any CPU
	EndGlobalSection
	GlobalSection(ProjectConfigurationPlatforms) = postSolution
		{D27B1B34-50F4-4129-8D3B-BE6465C50986}.Debug|Any CPU.ActiveCfg = Debug|Any CPU
		{D27B1B34-50F4-4129-8D3B-BE6465C50986}.Debug|Any CPU.Build.0 = Debug|Any CPU
		{D27B1B34-50F4-4129-8D3B-BE6465C50986}.Release|Any CPU.ActiveCfg = Release|Any CPU
		{D27B1B34-50F4-4129-8D3B-BE6465C50986}.Release|Any CPU.Build.0 = Release|Any CPU
	EndGlobalSection
	GlobalSection(SolutionProperties) = preSolution
		HideSolutionNode = FALSE
	EndGlobalSection
	GlobalSection(ExtensibilityGlobals) = postSolution
		SolutionGuid = {4BC8D471-D329-4861-A8CB-453D6D6F22D5}
	EndGlobalSection
EndGlobal
